
Microsoft Visual Studio Solution File, Format Version 12.00
# Visual Studio Version 16
VisualStudioVersion = 16.0.30225.117
MinimumVisualStudioVersion = 10.0.40219.1
Project("{FAE04EC0-301F-11D3-BF4B-00C04F79EFBC}") = "DynamicArrayVisualizer", "DynamicArrayVisualizer\DynamicArrayVisualizer.csproj", "{D57EA039-9A81-4629-9B9B-9A187284F42A}"
EndProject
Global
	GlobalSection(SolutionConfigurationPlatforms) = preSolution
		Debug|Any CPU = Debug|Any CPU
		Release|Any CPU = Release|Any CPU
	EndGlobalSection
	GlobalSection(ProjectConfigurationPlatforms) = postSolution
		{D57EA039-9A81-4629-9B9B-9A187284F42A}.Debug|Any CPU.ActiveCfg = Debug|Any CPU
		{D57EA039-9A81-4629-9B9B-9A187284F42A}.Debug|Any CPU.Build.0 = Debug|Any CPU
		{D57EA039-9A81-4629-9B9B-9A187284F42A}.Release|Any CPU.ActiveCfg = Release|Any CPU
		{D57EA039-9A81-4629-9B9B-9A187284F42A}.Release|Any CPU.Build.0 = Release|Any CPU
	EndGlobalSection
	GlobalSection(SolutionProperties) = preSolution
		HideSolutionNode = FALSE
	EndGlobalSection
	GlobalSection(ExtensibilityGlobals) = postSolution
		SolutionGuid = {0C130388-33C6-48C6-B277-495F9147A17D}
	EndGlobalSection
EndGlobal
